
Microsoft Visual Studio Solution File, Format Version 12.00
# Visual Studio Version 17
VisualStudioVersion = 17.6.33829.357
MinimumVisualStudioVersion = 10.0.40219.1
Project("{FAE04EC0-301F-11D3-BF4B-00C04F79EFBC}") = "CSHARP-LISTBOX", "CSHARP-LISTBOX\CSHARP-LISTBOX.csproj", "{4CA34D10-26FD-44BA-8221-FF75E6CB49DF}"
EndProject
Global
	GlobalSection(SolutionConfigurationPlatforms) = preSolution
		Debug|Any CPU = Debug|Any CPU
		Release|Any CPU = Release|Any CPU
	EndGlobalSection
	GlobalSection(ProjectConfigurationPlatforms) = postSolution
		{4CA34D10-26FD-44BA-8221-FF75E6CB49DF}.Debug|Any CPU.ActiveCfg = Debug|Any CPU
		{4CA34D10-26FD-44BA-8221-FF75E6CB49DF}.Debug|Any CPU.Build.0 = Debug|Any CPU
		{4CA34D10-26FD-44BA-8221-FF75E6CB49DF}.Release|Any CPU.ActiveCfg = Release|Any CPU
		{4CA34D10-26FD-44BA-8221-FF75E6CB49DF}.Release|Any CPU.Build.0 = Release|Any CPU
	EndGlobalSection
	GlobalSection(SolutionProperties) = preSolution
		HideSolutionNode = FALSE
	EndGlobalSection
	GlobalSection(ExtensibilityGlobals) = postSolution
		SolutionGuid = {3D7A5A6D-7EB7-45E9-A235-27386C4D0569}
	EndGlobalSection
EndGlobal
